{
	"name": "@trinsic/okapi-proto",
	"version": "1.0.0-preview.12",
	"lockfileVersion": 2,
	"requires": true,
	"packages": {
		"": {
			"name": "@trinsic/okapi-proto",
			"version": "0.0.5",
			"license": "ISC",
			"dependencies": {
				"google-protobuf": "^3.14.0"
			}
		},
		"node_modules/google-protobuf": {
			"version": "3.14.0",
			"resolved": "https://registry.npmjs.org/google-protobuf/-/google-protobuf-3.14.0.tgz",
			"integrity": "sha512-bwa8dBuMpOxg7COyqkW6muQuvNnWgVN8TX/epDRGW5m0jcrmq2QJyCyiV8ZE2/6LaIIqJtiv9bYokFhfpy/o6w=="
		}
	},
	"dependencies": {
		"google-protobuf": {
			"version": "3.14.0",
			"resolved": "https://registry.npmjs.org/google-protobuf/-/google-protobuf-3.14.0.tgz",
			"integrity": "sha512-bwa8dBuMpOxg7COyqkW6muQuvNnWgVN8TX/epDRGW5m0jcrmq2QJyCyiV8ZE2/6LaIIqJtiv9bYokFhfpy/o6w=="
		}
	}
}
