
Microsoft Visual Studio Solution File, Format Version 12.00
# Visual Studio 15
VisualStudioVersion = 15.0.26124.0
MinimumVisualStudioVersion = 15.0.26124.0
Project("{2150E333-8FDC-42A3-9474-1A3956D46DE8}") = "Library", "Library", "{0D8BF78D-13E7-4FDB-A359-6B9A4042A5DB}"
EndProject
Project("{FAE04EC0-301F-11D3-BF4B-00C04F79EFBC}") = "DIDComm.Messaging.gRPC", "Library\DIDComm.Messaging.gRPC\DIDComm.Messaging.gRPC.csproj", "{6377041A-25C4-4B54-8AB8-87629C566615}"
EndProject
Project("{2150E333-8FDC-42A3-9474-1A3956D46DE8}") = "Tests", "Tests", "{CFCC068B-5B5C-4B2D-BCC0-DEA880F552E3}"
EndProject
Project("{FAE04EC0-301F-11D3-BF4B-00C04F79EFBC}") = "DIDComm.Messaging.Tests", "Tests\DIDComm.Messaging.Tests\DIDComm.Messaging.Tests.csproj", "{F4B203C2-A422-4274-BE96-617478440693}"
EndProject
Global
	GlobalSection(SolutionConfigurationPlatforms) = preSolution
		Debug|Any CPU = Debug|Any CPU
		Debug|x64 = Debug|x64
		Debug|x86 = Debug|x86
		Release|Any CPU = Release|Any CPU
		Release|x64 = Release|x64
		Release|x86 = Release|x86
	EndGlobalSection
	GlobalSection(SolutionProperties) = preSolution
		HideSolutionNode = FALSE
	EndGlobalSection
	GlobalSection(ProjectConfigurationPlatforms) = postSolution
		{6377041A-25C4-4B54-8AB8-87629C566615}.Debug|Any CPU.ActiveCfg = Debug|Any CPU
		{6377041A-25C4-4B54-8AB8-87629C566615}.Debug|Any CPU.Build.0 = Debug|Any CPU
		{6377041A-25C4-4B54-8AB8-87629C566615}.Debug|x64.ActiveCfg = Debug|Any CPU
		{6377041A-25C4-4B54-8AB8-87629C566615}.Debug|x64.Build.0 = Debug|Any CPU
		{6377041A-25C4-4B54-8AB8-87629C566615}.Debug|x86.ActiveCfg = Debug|Any CPU
		{6377041A-25C4-4B54-8AB8-87629C566615}.Debug|x86.Build.0 = Debug|Any CPU
		{6377041A-25C4-4B54-8AB8-87629C566615}.Release|Any CPU.ActiveCfg = Release|Any CPU
		{6377041A-25C4-4B54-8AB8-87629C566615}.Release|Any CPU.Build.0 = Release|Any CPU
		{6377041A-25C4-4B54-8AB8-87629C566615}.Release|x64.ActiveCfg = Release|Any CPU
		{6377041A-25C4-4B54-8AB8-87629C566615}.Release|x64.Build.0 = Release|Any CPU
		{6377041A-25C4-4B54-8AB8-87629C566615}.Release|x86.ActiveCfg = Release|Any CPU
		{6377041A-25C4-4B54-8AB8-87629C566615}.Release|x86.Build.0 = Release|Any CPU
		{F4B203C2-A422-4274-BE96-617478440693}.Debug|Any CPU.ActiveCfg = Debug|Any CPU
		{F4B203C2-A422-4274-BE96-617478440693}.Debug|Any CPU.Build.0 = Debug|Any CPU
		{F4B203C2-A422-4274-BE96-617478440693}.Debug|x64.ActiveCfg = Debug|Any CPU
		{F4B203C2-A422-4274-BE96-617478440693}.Debug|x64.Build.0 = Debug|Any CPU
		{F4B203C2-A422-4274-BE96-617478440693}.Debug|x86.ActiveCfg = Debug|Any CPU
		{F4B203C2-A422-4274-BE96-617478440693}.Debug|x86.Build.0 = Debug|Any CPU
		{F4B203C2-A422-4274-BE96-617478440693}.Release|Any CPU.ActiveCfg = Release|Any CPU
		{F4B203C2-A422-4274-BE96-617478440693}.Release|Any CPU.Build.0 = Release|Any CPU
		{F4B203C2-A422-4274-BE96-617478440693}.Release|x64.ActiveCfg = Release|Any CPU
		{F4B203C2-A422-4274-BE96-617478440693}.Release|x64.Build.0 = Release|Any CPU
		{F4B203C2-A422-4274-BE96-617478440693}.Release|x86.ActiveCfg = Release|Any CPU
		{F4B203C2-A422-4274-BE96-617478440693}.Release|x86.Build.0 = Release|Any CPU
	EndGlobalSection
	GlobalSection(NestedProjects) = preSolution
		{6377041A-25C4-4B54-8AB8-87629C566615} = {0D8BF78D-13E7-4FDB-A359-6B9A4042A5DB}
		{F4B203C2-A422-4274-BE96-617478440693} = {CFCC068B-5B5C-4B2D-BCC0-DEA880F552E3}
	EndGlobalSection
EndGlobal
