// !$*UTF8*$!
{
	archiveVersion = 1;
	classes = {
	};
	objectVersion = 51;
	objects = {

/* Begin PBXBuildFile section */
		69EA340B026FEE81ED340121 /* libPods-Tests.a in Frameworks */ = {isa = PBXBuildFile; fileRef = 9E96A3EA9A8B03239CAC7B0F /* libPods-Tests.a */; };
		6E42448827DA15F12F159D25 /* libPods-DIDComm-gRPC.a in Frameworks */ = {isa = PBXBuildFile; fileRef = A3E54EED76828BF20C2E18AC /* libPods-DIDComm-gRPC.a */; };
		A01C0D9D255B79A100DED7FC /* libdidcommgrpc.a in Frameworks */ = {isa = PBXBuildFile; fileRef = A02AA9AD255B530900E8068D /* libdidcommgrpc.a */; };
		A02AA994255B50CE00E8068D /* Tests.m in Sources */ = {isa = PBXBuildFile; fileRef = A02AA993255B50CE00E8068D /* Tests.m */; };
		A02AA996255B50CE00E8068D /* libDIDComm-gRPC.a in Frameworks */ = {isa = PBXBuildFile; fileRef = A02AA980255B505800E8068D /* libDIDComm-gRPC.a */; };
		A02AA9AE255B530900E8068D /* libdidcommgrpc.a in Frameworks */ = {isa = PBXBuildFile; fileRef = A02AA9AD255B530900E8068D /* libdidcommgrpc.a */; };
		A02AA9BC255B56E300E8068D /* DIDComm.m in Sources */ = {isa = PBXBuildFile; fileRef = A02AA9BB255B56E300E8068D /* DIDComm.m */; };
		A02AA9BF255B577F00E8068D /* DIDComm.h in CopyFiles */ = {isa = PBXBuildFile; fileRef = A02AA9BA255B56E300E8068D /* DIDComm.h */; };
		A0A2B90F256ADB3000D74B4A /* DIDKey.m in Sources */ = {isa = PBXBuildFile; fileRef = A0A2B90E256ADB3000D74B4A /* DIDKey.m */; };
		A0A2B912256ADBEE00D74B4A /* DIDKey.h in CopyFiles */ = {isa = PBXBuildFile; fileRef = A0A2B90D256ADB3000D74B4A /* DIDKey.h */; };
		A0A2B915256ADC0200D74B4A /* NativeFunc.h in CopyFiles */ = {isa = PBXBuildFile; fileRef = A02AA9B7255B565F00E8068D /* NativeFunc.h */; };
/* End PBXBuildFile section */

/* Begin PBXContainerItemProxy section */
		A02AA997255B50CE00E8068D /* PBXContainerItemProxy */ = {
			isa = PBXContainerItemProxy;
			containerPortal = A02AA978255B505800E8068D /* Project object */;
			proxyType = 1;
			remoteGlobalIDString = A02AA97F255B505800E8068D;
			remoteInfo = "DIDComm-gRPC";
		};
/* End PBXContainerItemProxy section */

/* Begin PBXCopyFilesBuildPhase section */
		A02AA97E255B505800E8068D /* CopyFiles */ = {
			isa = PBXCopyFilesBuildPhase;
			buildActionMask = 2147483647;
			dstPath = "include/$(PRODUCT_NAME)";
			dstSubfolderSpec = 16;
			files = (
				A02AA9BF255B577F00E8068D /* DIDComm.h in CopyFiles */,
				A0A2B912256ADBEE00D74B4A /* DIDKey.h in CopyFiles */,
				A0A2B915256ADC0200D74B4A /* NativeFunc.h in CopyFiles */,
			);
			runOnlyForDeploymentPostprocessing = 0;
		};
/* End PBXCopyFilesBuildPhase section */

/* Begin PBXFileReference section */
		83A7EE52676ADFAD772060B7 /* Pods-Tests.release.xcconfig */ = {isa = PBXFileReference; includeInIndex = 1; lastKnownFileType = text.xcconfig; name = "Pods-Tests.release.xcconfig"; path = "Target Support Files/Pods-Tests/Pods-Tests.release.xcconfig"; sourceTree = "<group>"; };
		8C5C054A93B909223957C500 /* Pods-Tests.debug.xcconfig */ = {isa = PBXFileReference; includeInIndex = 1; lastKnownFileType = text.xcconfig; name = "Pods-Tests.debug.xcconfig"; path = "Target Support Files/Pods-Tests/Pods-Tests.debug.xcconfig"; sourceTree = "<group>"; };
		9E96A3EA9A8B03239CAC7B0F /* libPods-Tests.a */ = {isa = PBXFileReference; explicitFileType = archive.ar; includeInIndex = 0; path = "libPods-Tests.a"; sourceTree = BUILT_PRODUCTS_DIR; };
		A02AA980255B505800E8068D /* libDIDComm-gRPC.a */ = {isa = PBXFileReference; explicitFileType = archive.ar; includeInIndex = 0; path = "libDIDComm-gRPC.a"; sourceTree = BUILT_PRODUCTS_DIR; };
		A02AA991255B50CE00E8068D /* Tests.xctest */ = {isa = PBXFileReference; explicitFileType = wrapper.cfbundle; includeInIndex = 0; path = Tests.xctest; sourceTree = BUILT_PRODUCTS_DIR; };
		A02AA993255B50CE00E8068D /* Tests.m */ = {isa = PBXFileReference; lastKnownFileType = sourcecode.c.objc; path = Tests.m; sourceTree = "<group>"; };
		A02AA995255B50CE00E8068D /* Info.plist */ = {isa = PBXFileReference; lastKnownFileType = text.plist.xml; path = Info.plist; sourceTree = "<group>"; };
		A02AA9AD255B530900E8068D /* libdidcommgrpc.a */ = {isa = PBXFileReference; lastKnownFileType = archive.ar; name = libdidcommgrpc.a; path = ../../libs/ios/libdidcommgrpc.a; sourceTree = "<group>"; };
		A02AA9B7255B565F00E8068D /* NativeFunc.h */ = {isa = PBXFileReference; lastKnownFileType = sourcecode.c.h; path = NativeFunc.h; sourceTree = "<group>"; };
		A02AA9BA255B56E300E8068D /* DIDComm.h */ = {isa = PBXFileReference; lastKnownFileType = sourcecode.c.h; path = DIDComm.h; sourceTree = "<group>"; };
		A02AA9BB255B56E300E8068D /* DIDComm.m */ = {isa = PBXFileReference; lastKnownFileType = sourcecode.c.objc; path = DIDComm.m; sourceTree = "<group>"; };
		A0A2B90D256ADB3000D74B4A /* DIDKey.h */ = {isa = PBXFileReference; lastKnownFileType = sourcecode.c.h; path = DIDKey.h; sourceTree = "<group>"; };
		A0A2B90E256ADB3000D74B4A /* DIDKey.m */ = {isa = PBXFileReference; lastKnownFileType = sourcecode.c.objc; path = DIDKey.m; sourceTree = "<group>"; };
		A3E54EED76828BF20C2E18AC /* libPods-DIDComm-gRPC.a */ = {isa = PBXFileReference; explicitFileType = archive.ar; includeInIndex = 0; path = "libPods-DIDComm-gRPC.a"; sourceTree = BUILT_PRODUCTS_DIR; };
		B8C32F2EEE3B2B1037E693E9 /* Pods-DIDComm-gRPC.release.xcconfig */ = {isa = PBXFileReference; includeInIndex = 1; lastKnownFileType = text.xcconfig; name = "Pods-DIDComm-gRPC.release.xcconfig"; path = "Target Support Files/Pods-DIDComm-gRPC/Pods-DIDComm-gRPC.release.xcconfig"; sourceTree = "<group>"; };
		C1FB46C6AAADD1C1FE214D8F /* Pods-DIDComm-gRPC.debug.xcconfig */ = {isa = PBXFileReference; includeInIndex = 1; lastKnownFileType = text.xcconfig; name = "Pods-DIDComm-gRPC.debug.xcconfig"; path = "Target Support Files/Pods-DIDComm-gRPC/Pods-DIDComm-gRPC.debug.xcconfig"; sourceTree = "<group>"; };
/* End PBXFileReference section */

/* Begin PBXFrameworksBuildPhase section */
		A02AA97D255B505800E8068D /* Frameworks */ = {
			isa = PBXFrameworksBuildPhase;
			buildActionMask = 2147483647;
			files = (
				A02AA9AE255B530900E8068D /* libdidcommgrpc.a in Frameworks */,
				6E42448827DA15F12F159D25 /* libPods-DIDComm-gRPC.a in Frameworks */,
			);
			runOnlyForDeploymentPostprocessing = 0;
		};
		A02AA98E255B50CE00E8068D /* Frameworks */ = {
			isa = PBXFrameworksBuildPhase;
			buildActionMask = 2147483647;
			files = (
				A01C0D9D255B79A100DED7FC /* libdidcommgrpc.a in Frameworks */,
				A02AA996255B50CE00E8068D /* libDIDComm-gRPC.a in Frameworks */,
				69EA340B026FEE81ED340121 /* libPods-Tests.a in Frameworks */,
			);
			runOnlyForDeploymentPostprocessing = 0;
		};
/* End PBXFrameworksBuildPhase section */

/* Begin PBXGroup section */
		4A1809F82F1545458124A00E /* Pods */ = {
			isa = PBXGroup;
			children = (
				C1FB46C6AAADD1C1FE214D8F /* Pods-DIDComm-gRPC.debug.xcconfig */,
				B8C32F2EEE3B2B1037E693E9 /* Pods-DIDComm-gRPC.release.xcconfig */,
				8C5C054A93B909223957C500 /* Pods-Tests.debug.xcconfig */,
				83A7EE52676ADFAD772060B7 /* Pods-Tests.release.xcconfig */,
			);
			path = Pods;
			sourceTree = "<group>";
		};
		8FF469471CBCB79C444534A1 /* Frameworks */ = {
			isa = PBXGroup;
			children = (
				A02AA9AD255B530900E8068D /* libdidcommgrpc.a */,
				A3E54EED76828BF20C2E18AC /* libPods-DIDComm-gRPC.a */,
				9E96A3EA9A8B03239CAC7B0F /* libPods-Tests.a */,
			);
			name = Frameworks;
			sourceTree = "<group>";
		};
		A02AA977255B505800E8068D = {
			isa = PBXGroup;
			children = (
				A02AA982255B505800E8068D /* DIDComm-gRPC */,
				A02AA992255B50CE00E8068D /* Tests */,
				A02AA981255B505800E8068D /* Products */,
				4A1809F82F1545458124A00E /* Pods */,
				8FF469471CBCB79C444534A1 /* Frameworks */,
			);
			sourceTree = "<group>";
		};
		A02AA981255B505800E8068D /* Products */ = {
			isa = PBXGroup;
			children = (
				A02AA980255B505800E8068D /* libDIDComm-gRPC.a */,
				A02AA991255B50CE00E8068D /* Tests.xctest */,
			);
			name = Products;
			sourceTree = "<group>";
		};
		A02AA982255B505800E8068D /* DIDComm-gRPC */ = {
			isa = PBXGroup;
			children = (
				A02AA9B7255B565F00E8068D /* NativeFunc.h */,
				A02AA9BA255B56E300E8068D /* DIDComm.h */,
				A02AA9BB255B56E300E8068D /* DIDComm.m */,
				A0A2B90D256ADB3000D74B4A /* DIDKey.h */,
				A0A2B90E256ADB3000D74B4A /* DIDKey.m */,
			);
			path = "DIDComm-gRPC";
			sourceTree = "<group>";
		};
		A02AA992255B50CE00E8068D /* Tests */ = {
			isa = PBXGroup;
			children = (
				A02AA993255B50CE00E8068D /* Tests.m */,
				A02AA995255B50CE00E8068D /* Info.plist */,
			);
			path = Tests;
			sourceTree = "<group>";
		};
/* End PBXGroup section */

/* Begin PBXNativeTarget section */
		A02AA97F255B505800E8068D /* DIDComm-gRPC */ = {
			isa = PBXNativeTarget;
			buildConfigurationList = A02AA989255B505800E8068D /* Build configuration list for PBXNativeTarget "DIDComm-gRPC" */;
			buildPhases = (
				863F16A3F859B6F12A74FB05 /* [CP] Check Pods Manifest.lock */,
				A02AA97C255B505800E8068D /* Sources */,
				A02AA97D255B505800E8068D /* Frameworks */,
				A02AA97E255B505800E8068D /* CopyFiles */,
			);
			buildRules = (
			);
			dependencies = (
			);
			name = "DIDComm-gRPC";
			productName = "DIDComm-gRPC";
			productReference = A02AA980255B505800E8068D /* libDIDComm-gRPC.a */;
			productType = "com.apple.product-type.library.static";
		};
		A02AA990255B50CE00E8068D /* Tests */ = {
			isa = PBXNativeTarget;
			buildConfigurationList = A02AA999255B50CE00E8068D /* Build configuration list for PBXNativeTarget "Tests" */;
			buildPhases = (
				0D519DC078C896066435AC92 /* [CP] Check Pods Manifest.lock */,
				A02AA98D255B50CE00E8068D /* Sources */,
				A02AA98E255B50CE00E8068D /* Frameworks */,
				A02AA98F255B50CE00E8068D /* Resources */,
				DFACB6D2F2252CB93A20B8EE /* [CP] Copy Pods Resources */,
			);
			buildRules = (
			);
			dependencies = (
				A02AA998255B50CE00E8068D /* PBXTargetDependency */,
			);
			name = Tests;
			productName = Tests;
			productReference = A02AA991255B50CE00E8068D /* Tests.xctest */;
			productType = "com.apple.product-type.bundle.unit-test";
		};
/* End PBXNativeTarget section */

/* Begin PBXProject section */
		A02AA978255B505800E8068D /* Project object */ = {
			isa = PBXProject;
			attributes = {
				LastUpgradeCheck = 1210;
				TargetAttributes = {
					A02AA97F255B505800E8068D = {
						CreatedOnToolsVersion = 12.1;
					};
					A02AA990255B50CE00E8068D = {
						CreatedOnToolsVersion = 12.1;
					};
				};
			};
			buildConfigurationList = A02AA97B255B505800E8068D /* Build configuration list for PBXProject "DIDComm-gRPC" */;
			compatibilityVersion = "Xcode 9.3";
			developmentRegion = en;
			hasScannedForEncodings = 0;
			knownRegions = (
				en,
				Base,
			);
			mainGroup = A02AA977255B505800E8068D;
			productRefGroup = A02AA981255B505800E8068D /* Products */;
			projectDirPath = "";
			projectRoot = "";
			targets = (
				A02AA97F255B505800E8068D /* DIDComm-gRPC */,
				A02AA990255B50CE00E8068D /* Tests */,
			);
		};
/* End PBXProject section */

/* Begin PBXResourcesBuildPhase section */
		A02AA98F255B50CE00E8068D /* Resources */ = {
			isa = PBXResourcesBuildPhase;
			buildActionMask = 2147483647;
			files = (
			);
			runOnlyForDeploymentPostprocessing = 0;
		};
/* End PBXResourcesBuildPhase section */

/* Begin PBXShellScriptBuildPhase section */
		0D519DC078C896066435AC92 /* [CP] Check Pods Manifest.lock */ = {
			isa = PBXShellScriptBuildPhase;
			buildActionMask = 2147483647;
			files = (
			);
			inputFileListPaths = (
			);
			inputPaths = (
				"${PODS_PODFILE_DIR_PATH}/Podfile.lock",
				"${PODS_ROOT}/Manifest.lock",
			);
			name = "[CP] Check Pods Manifest.lock";
			outputFileListPaths = (
			);
			outputPaths = (
				"$(DERIVED_FILE_DIR)/Pods-Tests-checkManifestLockResult.txt",
			);
			runOnlyForDeploymentPostprocessing = 0;
			shellPath = /bin/sh;
			shellScript = "diff \"${PODS_PODFILE_DIR_PATH}/Podfile.lock\" \"${PODS_ROOT}/Manifest.lock\" > /dev/null\nif [ $? != 0 ] ; then\n    # print error to STDERR\n    echo \"error: The sandbox is not in sync with the Podfile.lock. Run 'pod install' or update your CocoaPods installation.\" >&2\n    exit 1\nfi\n# This output is used by Xcode 'outputs' to avoid re-running this script phase.\necho \"SUCCESS\" > \"${SCRIPT_OUTPUT_FILE_0}\"\n";
			showEnvVarsInLog = 0;
		};
		863F16A3F859B6F12A74FB05 /* [CP] Check Pods Manifest.lock */ = {
			isa = PBXShellScriptBuildPhase;
			buildActionMask = 2147483647;
			files = (
			);
			inputFileListPaths = (
			);
			inputPaths = (
				"${PODS_PODFILE_DIR_PATH}/Podfile.lock",
				"${PODS_ROOT}/Manifest.lock",
			);
			name = "[CP] Check Pods Manifest.lock";
			outputFileListPaths = (
			);
			outputPaths = (
				"$(DERIVED_FILE_DIR)/Pods-DIDComm-gRPC-checkManifestLockResult.txt",
			);
			runOnlyForDeploymentPostprocessing = 0;
			shellPath = /bin/sh;
			shellScript = "diff \"${PODS_PODFILE_DIR_PATH}/Podfile.lock\" \"${PODS_ROOT}/Manifest.lock\" > /dev/null\nif [ $? != 0 ] ; then\n    # print error to STDERR\n    echo \"error: The sandbox is not in sync with the Podfile.lock. Run 'pod install' or update your CocoaPods installation.\" >&2\n    exit 1\nfi\n# This output is used by Xcode 'outputs' to avoid re-running this script phase.\necho \"SUCCESS\" > \"${SCRIPT_OUTPUT_FILE_0}\"\n";
			showEnvVarsInLog = 0;
		};
		DFACB6D2F2252CB93A20B8EE /* [CP] Copy Pods Resources */ = {
			isa = PBXShellScriptBuildPhase;
			buildActionMask = 2147483647;
			files = (
			);
			inputFileListPaths = (
				"${PODS_ROOT}/Target Support Files/Pods-Tests/Pods-Tests-resources-${CONFIGURATION}-input-files.xcfilelist",
			);
			name = "[CP] Copy Pods Resources";
			outputFileListPaths = (
				"${PODS_ROOT}/Target Support Files/Pods-Tests/Pods-Tests-resources-${CONFIGURATION}-output-files.xcfilelist",
			);
			runOnlyForDeploymentPostprocessing = 0;
			shellPath = /bin/sh;
			shellScript = "\"${PODS_ROOT}/Target Support Files/Pods-Tests/Pods-Tests-resources.sh\"\n";
			showEnvVarsInLog = 0;
		};
/* End PBXShellScriptBuildPhase section */

/* Begin PBXSourcesBuildPhase section */
		A02AA97C255B505800E8068D /* Sources */ = {
			isa = PBXSourcesBuildPhase;
			buildActionMask = 2147483647;
			files = (
				A02AA9BC255B56E300E8068D /* DIDComm.m in Sources */,
				A0A2B90F256ADB3000D74B4A /* DIDKey.m in Sources */,
			);
			runOnlyForDeploymentPostprocessing = 0;
		};
		A02AA98D255B50CE00E8068D /* Sources */ = {
			isa = PBXSourcesBuildPhase;
			buildActionMask = 2147483647;
			files = (
				A02AA994255B50CE00E8068D /* Tests.m in Sources */,
			);
			runOnlyForDeploymentPostprocessing = 0;
		};
/* End PBXSourcesBuildPhase section */

/* Begin PBXTargetDependency section */
		A02AA998255B50CE00E8068D /* PBXTargetDependency */ = {
			isa = PBXTargetDependency;
			target = A02AA97F255B505800E8068D /* DIDComm-gRPC */;
			targetProxy = A02AA997255B50CE00E8068D /* PBXContainerItemProxy */;
		};
/* End PBXTargetDependency section */

/* Begin XCBuildConfiguration section */
		A02AA987255B505800E8068D /* Debug */ = {
			isa = XCBuildConfiguration;
			buildSettings = {
				ALWAYS_SEARCH_USER_PATHS = NO;
				CLANG_ANALYZER_NONNULL = YES;
				CLANG_ANALYZER_NUMBER_OBJECT_CONVERSION = YES_AGGRESSIVE;
				CLANG_CXX_LANGUAGE_STANDARD = "gnu++14";
				CLANG_CXX_LIBRARY = "libc++";
				CLANG_ENABLE_MODULES = YES;
				CLANG_ENABLE_OBJC_ARC = YES;
				CLANG_ENABLE_OBJC_WEAK = YES;
				CLANG_WARN_BLOCK_CAPTURE_AUTORELEASING = YES;
				CLANG_WARN_BOOL_CONVERSION = YES;
				CLANG_WARN_COMMA = YES;
				CLANG_WARN_CONSTANT_CONVERSION = YES;
				CLANG_WARN_DEPRECATED_OBJC_IMPLEMENTATIONS = YES;
				CLANG_WARN_DIRECT_OBJC_ISA_USAGE = YES_ERROR;
				CLANG_WARN_DOCUMENTATION_COMMENTS = YES;
				CLANG_WARN_EMPTY_BODY = YES;
				CLANG_WARN_ENUM_CONVERSION = YES;
				CLANG_WARN_INFINITE_RECURSION = YES;
				CLANG_WARN_INT_CONVERSION = YES;
				CLANG_WARN_NON_LITERAL_NULL_CONVERSION = YES;
				CLANG_WARN_OBJC_IMPLICIT_RETAIN_SELF = YES;
				CLANG_WARN_OBJC_LITERAL_CONVERSION = YES;
				CLANG_WARN_OBJC_ROOT_CLASS = YES_ERROR;
				CLANG_WARN_QUOTED_INCLUDE_IN_FRAMEWORK_HEADER = YES;
				CLANG_WARN_RANGE_LOOP_ANALYSIS = YES;
				CLANG_WARN_STRICT_PROTOTYPES = YES;
				CLANG_WARN_SUSPICIOUS_MOVE = YES;
				CLANG_WARN_UNGUARDED_AVAILABILITY = YES_AGGRESSIVE;
				CLANG_WARN_UNREACHABLE_CODE = YES;
				CLANG_WARN__DUPLICATE_METHOD_MATCH = YES;
				COPY_PHASE_STRIP = NO;
				DEBUG_INFORMATION_FORMAT = dwarf;
				ENABLE_STRICT_OBJC_MSGSEND = YES;
				ENABLE_TESTABILITY = YES;
				GCC_C_LANGUAGE_STANDARD = gnu11;
				GCC_DYNAMIC_NO_PIC = NO;
				GCC_NO_COMMON_BLOCKS = YES;
				GCC_OPTIMIZATION_LEVEL = 0;
				GCC_PREPROCESSOR_DEFINITIONS = (
					"DEBUG=1",
					"$(inherited)",
				);
				GCC_WARN_64_TO_32_BIT_CONVERSION = YES;
				GCC_WARN_ABOUT_RETURN_TYPE = YES_ERROR;
				GCC_WARN_UNDECLARED_SELECTOR = YES;
				GCC_WARN_UNINITIALIZED_AUTOS = YES_AGGRESSIVE;
				GCC_WARN_UNUSED_FUNCTION = YES;
				GCC_WARN_UNUSED_VARIABLE = YES;
				IPHONEOS_DEPLOYMENT_TARGET = 14.1;
				MTL_ENABLE_DEBUG_INFO = INCLUDE_SOURCE;
				MTL_FAST_MATH = YES;
				ONLY_ACTIVE_ARCH = YES;
				SDKROOT = iphoneos;
			};
			name = Debug;
		};
		A02AA988255B505800E8068D /* Release */ = {
			isa = XCBuildConfiguration;
			buildSettings = {
				ALWAYS_SEARCH_USER_PATHS = NO;
				CLANG_ANALYZER_NONNULL = YES;
				CLANG_ANALYZER_NUMBER_OBJECT_CONVERSION = YES_AGGRESSIVE;
				CLANG_CXX_LANGUAGE_STANDARD = "gnu++14";
				CLANG_CXX_LIBRARY = "libc++";
				CLANG_ENABLE_MODULES = YES;
				CLANG_ENABLE_OBJC_ARC = YES;
				CLANG_ENABLE_OBJC_WEAK = YES;
				CLANG_WARN_BLOCK_CAPTURE_AUTORELEASING = YES;
				CLANG_WARN_BOOL_CONVERSION = YES;
				CLANG_WARN_COMMA = YES;
				CLANG_WARN_CONSTANT_CONVERSION = YES;
				CLANG_WARN_DEPRECATED_OBJC_IMPLEMENTATIONS = YES;
				CLANG_WARN_DIRECT_OBJC_ISA_USAGE = YES_ERROR;
				CLANG_WARN_DOCUMENTATION_COMMENTS = YES;
				CLANG_WARN_EMPTY_BODY = YES;
				CLANG_WARN_ENUM_CONVERSION = YES;
				CLANG_WARN_INFINITE_RECURSION = YES;
				CLANG_WARN_INT_CONVERSION = YES;
				CLANG_WARN_NON_LITERAL_NULL_CONVERSION = YES;
				CLANG_WARN_OBJC_IMPLICIT_RETAIN_SELF = YES;
				CLANG_WARN_OBJC_LITERAL_CONVERSION = YES;
				CLANG_WARN_OBJC_ROOT_CLASS = YES_ERROR;
				CLANG_WARN_QUOTED_INCLUDE_IN_FRAMEWORK_HEADER = YES;
				CLANG_WARN_RANGE_LOOP_ANALYSIS = YES;
				CLANG_WARN_STRICT_PROTOTYPES = YES;
				CLANG_WARN_SUSPICIOUS_MOVE = YES;
				CLANG_WARN_UNGUARDED_AVAILABILITY = YES_AGGRESSIVE;
				CLANG_WARN_UNREACHABLE_CODE = YES;
				CLANG_WARN__DUPLICATE_METHOD_MATCH = YES;
				COPY_PHASE_STRIP = NO;
				DEBUG_INFORMATION_FORMAT = "dwarf-with-dsym";
				ENABLE_NS_ASSERTIONS = NO;
				ENABLE_STRICT_OBJC_MSGSEND = YES;
				GCC_C_LANGUAGE_STANDARD = gnu11;
				GCC_NO_COMMON_BLOCKS = YES;
				GCC_WARN_64_TO_32_BIT_CONVERSION = YES;
				GCC_WARN_ABOUT_RETURN_TYPE = YES_ERROR;
				GCC_WARN_UNDECLARED_SELECTOR = YES;
				GCC_WARN_UNINITIALIZED_AUTOS = YES_AGGRESSIVE;
				GCC_WARN_UNUSED_FUNCTION = YES;
				GCC_WARN_UNUSED_VARIABLE = YES;
				IPHONEOS_DEPLOYMENT_TARGET = 14.1;
				MTL_ENABLE_DEBUG_INFO = NO;
				MTL_FAST_MATH = YES;
				SDKROOT = iphoneos;
				VALIDATE_PRODUCT = YES;
			};
			name = Release;
		};
		A02AA98A255B505800E8068D /* Debug */ = {
			isa = XCBuildConfiguration;
			baseConfigurationReference = C1FB46C6AAADD1C1FE214D8F /* Pods-DIDComm-gRPC.debug.xcconfig */;
			buildSettings = {
				CODE_SIGN_STYLE = Automatic;
				LIBRARY_SEARCH_PATHS = (
					"$(inherited)",
					"\"${PODS_CONFIGURATION_BUILD_DIR}/BoringSSL-GRPC\"",
					"\"${PODS_CONFIGURATION_BUILD_DIR}/DIDComm-gRPC\"",
					"\"${PODS_CONFIGURATION_BUILD_DIR}/Protobuf\"",
					"\"${PODS_CONFIGURATION_BUILD_DIR}/abseil\"",
					"\"${PODS_CONFIGURATION_BUILD_DIR}/gRPC\"",
					"\"${PODS_CONFIGURATION_BUILD_DIR}/gRPC-Core\"",
					"\"${PODS_CONFIGURATION_BUILD_DIR}/gRPC-ProtoRPC\"",
					"\"${PODS_CONFIGURATION_BUILD_DIR}/gRPC-RxLibrary\"",
					"${PROJECT_DIR}/../../libs/ios",
				);
				OTHER_LDFLAGS = "-ObjC";
				PRODUCT_NAME = "$(TARGET_NAME)";
				SKIP_INSTALL = YES;
				TARGETED_DEVICE_FAMILY = "1,2";
			};
			name = Debug;
		};
		A02AA98B255B505800E8068D /* Release */ = {
			isa = XCBuildConfiguration;
			baseConfigurationReference = B8C32F2EEE3B2B1037E693E9 /* Pods-DIDComm-gRPC.release.xcconfig */;
			buildSettings = {
				CODE_SIGN_STYLE = Automatic;
				LIBRARY_SEARCH_PATHS = (
					"$(inherited)",
					"\"${PODS_CONFIGURATION_BUILD_DIR}/BoringSSL-GRPC\"",
					"\"${PODS_CONFIGURATION_BUILD_DIR}/DIDComm-gRPC\"",
					"\"${PODS_CONFIGURATION_BUILD_DIR}/Protobuf\"",
					"\"${PODS_CONFIGURATION_BUILD_DIR}/abseil\"",
					"\"${PODS_CONFIGURATION_BUILD_DIR}/gRPC\"",
					"\"${PODS_CONFIGURATION_BUILD_DIR}/gRPC-Core\"",
					"\"${PODS_CONFIGURATION_BUILD_DIR}/gRPC-ProtoRPC\"",
					"\"${PODS_CONFIGURATION_BUILD_DIR}/gRPC-RxLibrary\"",
					"${PROJECT_DIR}/../../libs",
				);
				OTHER_LDFLAGS = "-ObjC";
				PRODUCT_NAME = "$(TARGET_NAME)";
				SKIP_INSTALL = YES;
				TARGETED_DEVICE_FAMILY = "1,2";
			};
			name = Release;
		};
		A02AA99A255B50CE00E8068D /* Debug */ = {
			isa = XCBuildConfiguration;
			baseConfigurationReference = 8C5C054A93B909223957C500 /* Pods-Tests.debug.xcconfig */;
			buildSettings = {
				CODE_SIGN_STYLE = Automatic;
				INFOPLIST_FILE = Tests/Info.plist;
				LD_RUNPATH_SEARCH_PATHS = (
					"$(inherited)",
					"@executable_path/Frameworks",
					"@loader_path/Frameworks",
				);
				LIBRARY_SEARCH_PATHS = (
					"$(inherited)",
					"\"${PODS_CONFIGURATION_BUILD_DIR}/BoringSSL-GRPC\"",
					"\"${PODS_CONFIGURATION_BUILD_DIR}/DIDComm-gRPC\"",
					"\"${PODS_CONFIGURATION_BUILD_DIR}/Protobuf\"",
					"\"${PODS_CONFIGURATION_BUILD_DIR}/abseil\"",
					"\"${PODS_CONFIGURATION_BUILD_DIR}/gRPC\"",
					"\"${PODS_CONFIGURATION_BUILD_DIR}/gRPC-Core\"",
					"\"${PODS_CONFIGURATION_BUILD_DIR}/gRPC-ProtoRPC\"",
					"\"${PODS_CONFIGURATION_BUILD_DIR}/gRPC-RxLibrary\"",
					"${PROJECT_DIR}/../../libs/ios",
				);
				PRODUCT_BUNDLE_IDENTIFIER = org.didcomm.Tests;
				PRODUCT_NAME = "$(TARGET_NAME)";
				TARGETED_DEVICE_FAMILY = "1,2";
			};
			name = Debug;
		};
		A02AA99B255B50CE00E8068D /* Release */ = {
			isa = XCBuildConfiguration;
			baseConfigurationReference = 83A7EE52676ADFAD772060B7 /* Pods-Tests.release.xcconfig */;
			buildSettings = {
				CODE_SIGN_STYLE = Automatic;
				INFOPLIST_FILE = Tests/Info.plist;
				LD_RUNPATH_SEARCH_PATHS = (
					"$(inherited)",
					"@executable_path/Frameworks",
					"@loader_path/Frameworks",
				);
				PRODUCT_BUNDLE_IDENTIFIER = org.didcomm.Tests;
				PRODUCT_NAME = "$(TARGET_NAME)";
				TARGETED_DEVICE_FAMILY = "1,2";
			};
			name = Release;
		};
/* End XCBuildConfiguration section */

/* Begin XCConfigurationList section */
		A02AA97B255B505800E8068D /* Build configuration list for PBXProject "DIDComm-gRPC" */ = {
			isa = XCConfigurationList;
			buildConfigurations = (
				A02AA987255B505800E8068D /* Debug */,
				A02AA988255B505800E8068D /* Release */,
			);
			defaultConfigurationIsVisible = 0;
			defaultConfigurationName = Release;
		};
		A02AA989255B505800E8068D /* Build configuration list for PBXNativeTarget "DIDComm-gRPC" */ = {
			isa = XCConfigurationList;
			buildConfigurations = (
				A02AA98A255B505800E8068D /* Debug */,
				A02AA98B255B505800E8068D /* Release */,
			);
			defaultConfigurationIsVisible = 0;
			defaultConfigurationName = Release;
		};
		A02AA999255B50CE00E8068D /* Build configuration list for PBXNativeTarget "Tests" */ = {
			isa = XCConfigurationList;
			buildConfigurations = (
				A02AA99A255B50CE00E8068D /* Debug */,
				A02AA99B255B50CE00E8068D /* Release */,
			);
			defaultConfigurationIsVisible = 0;
			defaultConfigurationName = Release;
		};
/* End XCConfigurationList section */
	};
	rootObject = A02AA978255B505800E8068D /* Project object */;
}
