{
  "name": "node-sample",
  "version": "1.0.0",
  "lockfileVersion": 2,
  "requires": true,
  "packages": {
    "": {
      "version": "1.0.0",
      "license": "ISC",
      "dependencies": {
        "@trinsic/okapi": "^1.0.0-preview.11"
      },
      "devDependencies": {
        "@types/google-protobuf": "^3.15.2"
      }
    },
    "node_modules/@trinsic/okapi": {
      "version": "1.0.0-preview.11",
      "resolved": "https://registry.npmjs.org/@trinsic/okapi/-/okapi-1.0.0-preview.11.tgz",
      "integrity": "sha512-ChAtxWTMk03uaCj5k5GNXQS8RizvLjRNDZWkOKffoax8Rdl2g+OEmxdPE3VnPL+2QwtK60QKOA0r0tSnjYRC1Q==",
      "dependencies": {
        "@trinsic/okapi-node": "^1.0.0-preview.11",
        "@trinsic/okapi-proto": "^1.0.0-preview.11",
        "@trinsic/okapi-web": "^1.0.0-preview.11",
        "@types/bs58": "^4.0.1",
        "base64url": "^3.0.1",
        "bs58": "^4.0.1",
        "google-protobuf": "^3.14.0-rc.3"
      }
    },
    "node_modules/@trinsic/okapi-node": {
      "version": "1.0.0-preview.11",
      "resolved": "https://registry.npmjs.org/@trinsic/okapi-node/-/okapi-node-1.0.0-preview.11.tgz",
      "integrity": "sha512-JNVneK8tKd7N34+yw9wcp0N+u1qQxFf3YgtiH/LxaayQMuwyYI2XskEaMjTwquHV2tGI0fKwWb3H6PGOVYCWMA=="
    },
    "node_modules/@trinsic/okapi-proto": {
      "version": "1.0.0-preview.11",
      "resolved": "https://registry.npmjs.org/@trinsic/okapi-proto/-/okapi-proto-1.0.0-preview.11.tgz",
      "integrity": "sha512-KR4Ohuya1D3vdHvf0r3pFBkKrIlVx2mdC7Kg8dkQNA02tyf1MKqO2FFq3JV7pR8KmQVqPSum07OaHQWE+nEKZQ==",
      "dependencies": {
        "google-protobuf": "^3.14.0"
      }
    },
    "node_modules/@trinsic/okapi-web": {
      "version": "1.0.0-preview.11",
      "resolved": "https://registry.npmjs.org/@trinsic/okapi-web/-/okapi-web-1.0.0-preview.11.tgz",
      "integrity": "sha512-1MqmKQ2ukzBec9nnZQCzsKt39YxnbdBrnJ08vCgXxgBVUI+gQcR5VNXYiKC8bJktzB8A+3WfK99yX7ZPyBZZJQ=="
    },
    "node_modules/@types/bs58": {
      "version": "4.0.1",
      "resolved": "https://registry.npmjs.org/@types/bs58/-/bs58-4.0.1.tgz",
      "integrity": "sha512-yfAgiWgVLjFCmRv8zAcOIHywYATEwiTVccTLnRp6UxTNavT55M9d/uhK3T03St/+8/z/wW+CRjGKUNmEqoHHCA==",
      "dependencies": {
        "base-x": "^3.0.6"
      }
    },
    "node_modules/@types/google-protobuf": {
      "version": "3.15.2",
      "resolved": "https://registry.npmjs.org/@types/google-protobuf/-/google-protobuf-3.15.2.tgz",
      "integrity": "sha512-ubeqvw7sl6CdgeiIilsXB2jIFoD/D0F+/LIEp7xEBEXRNtDJcf05FRINybsJtL7GlkWOUVn6gJs2W9OF+xI6lg==",
      "dev": true
    },
    "node_modules/base-x": {
      "version": "3.0.8",
      "resolved": "https://registry.npmjs.org/base-x/-/base-x-3.0.8.tgz",
      "integrity": "sha512-Rl/1AWP4J/zRrk54hhlxH4drNxPJXYUaKffODVI53/dAsV4t9fBxyxYKAVPU1XBHxYwOWP9h9H0hM2MVw4YfJA==",
      "dependencies": {
        "safe-buffer": "^5.0.1"
      }
    },
    "node_modules/base64url": {
      "version": "3.0.1",
      "resolved": "https://registry.npmjs.org/base64url/-/base64url-3.0.1.tgz",
      "integrity": "sha512-ir1UPr3dkwexU7FdV8qBBbNDRUhMmIekYMFZfi+C/sLNnRESKPl23nB9b2pltqfOQNnGzsDdId90AEtG5tCx4A==",
      "engines": {
        "node": ">=6.0.0"
      }
    },
    "node_modules/bs58": {
      "version": "4.0.1",
      "resolved": "https://registry.npmjs.org/bs58/-/bs58-4.0.1.tgz",
      "integrity": "sha1-vhYedsNU9veIrkBx9j806MTwpCo=",
      "dependencies": {
        "base-x": "^3.0.2"
      }
    },
    "node_modules/google-protobuf": {
      "version": "3.17.2",
      "resolved": "https://registry.npmjs.org/google-protobuf/-/google-protobuf-3.17.2.tgz",
      "integrity": "sha512-LlFVMhSkNy6C1MakEjiwbLxq5w+V+Go+mvt2EUoysrp8gXl903ic2W/3BwzM4/WnDMJP+u7UO2efUSl/0CJMzA=="
    },
    "node_modules/safe-buffer": {
      "version": "5.2.1",
      "resolved": "https://registry.npmjs.org/safe-buffer/-/safe-buffer-5.2.1.tgz",
      "integrity": "sha512-rp3So07KcdmmKbGvgaNxQSJr7bGVSVk5S9Eq1F+ppbRo70+YeaDxkw5Dd8NPN+GD6bjnYm2VuPuCXmpuYvmCXQ==",
      "funding": [
        {
          "type": "github",
          "url": "https://github.com/sponsors/feross"
        },
        {
          "type": "patreon",
          "url": "https://www.patreon.com/feross"
        },
        {
          "type": "consulting",
          "url": "https://feross.org/support"
        }
      ]
    }
  },
  "dependencies": {
    "@trinsic/okapi": {
      "version": "1.0.0-preview.11",
      "resolved": "https://registry.npmjs.org/@trinsic/okapi/-/okapi-1.0.0-preview.11.tgz",
      "integrity": "sha512-ChAtxWTMk03uaCj5k5GNXQS8RizvLjRNDZWkOKffoax8Rdl2g+OEmxdPE3VnPL+2QwtK60QKOA0r0tSnjYRC1Q==",
      "requires": {
        "@trinsic/okapi-node": "^1.0.0-preview.11",
        "@trinsic/okapi-proto": "^1.0.0-preview.11",
        "@trinsic/okapi-web": "^1.0.0-preview.11",
        "@types/bs58": "^4.0.1",
        "base64url": "^3.0.1",
        "bs58": "^4.0.1",
        "google-protobuf": "^3.14.0-rc.3"
      }
    },
    "@trinsic/okapi-node": {
      "version": "1.0.0-preview.11",
      "resolved": "https://registry.npmjs.org/@trinsic/okapi-node/-/okapi-node-1.0.0-preview.11.tgz",
      "integrity": "sha512-JNVneK8tKd7N34+yw9wcp0N+u1qQxFf3YgtiH/LxaayQMuwyYI2XskEaMjTwquHV2tGI0fKwWb3H6PGOVYCWMA=="
    },
    "@trinsic/okapi-proto": {
      "version": "1.0.0-preview.11",
      "resolved": "https://registry.npmjs.org/@trinsic/okapi-proto/-/okapi-proto-1.0.0-preview.11.tgz",
      "integrity": "sha512-KR4Ohuya1D3vdHvf0r3pFBkKrIlVx2mdC7Kg8dkQNA02tyf1MKqO2FFq3JV7pR8KmQVqPSum07OaHQWE+nEKZQ==",
      "requires": {
        "google-protobuf": "^3.14.0"
      }
    },
    "@trinsic/okapi-web": {
      "version": "1.0.0-preview.11",
      "resolved": "https://registry.npmjs.org/@trinsic/okapi-web/-/okapi-web-1.0.0-preview.11.tgz",
      "integrity": "sha512-1MqmKQ2ukzBec9nnZQCzsKt39YxnbdBrnJ08vCgXxgBVUI+gQcR5VNXYiKC8bJktzB8A+3WfK99yX7ZPyBZZJQ=="
    },
    "@types/bs58": {
      "version": "4.0.1",
      "resolved": "https://registry.npmjs.org/@types/bs58/-/bs58-4.0.1.tgz",
      "integrity": "sha512-yfAgiWgVLjFCmRv8zAcOIHywYATEwiTVccTLnRp6UxTNavT55M9d/uhK3T03St/+8/z/wW+CRjGKUNmEqoHHCA==",
      "requires": {
        "base-x": "^3.0.6"
      }
    },
    "@types/google-protobuf": {
      "version": "3.15.2",
      "resolved": "https://registry.npmjs.org/@types/google-protobuf/-/google-protobuf-3.15.2.tgz",
      "integrity": "sha512-ubeqvw7sl6CdgeiIilsXB2jIFoD/D0F+/LIEp7xEBEXRNtDJcf05FRINybsJtL7GlkWOUVn6gJs2W9OF+xI6lg==",
      "dev": true
    },
    "base-x": {
      "version": "3.0.8",
      "resolved": "https://registry.npmjs.org/base-x/-/base-x-3.0.8.tgz",
      "integrity": "sha512-Rl/1AWP4J/zRrk54hhlxH4drNxPJXYUaKffODVI53/dAsV4t9fBxyxYKAVPU1XBHxYwOWP9h9H0hM2MVw4YfJA==",
      "requires": {
        "safe-buffer": "^5.0.1"
      }
    },
    "base64url": {
      "version": "3.0.1",
      "resolved": "https://registry.npmjs.org/base64url/-/base64url-3.0.1.tgz",
      "integrity": "sha512-ir1UPr3dkwexU7FdV8qBBbNDRUhMmIekYMFZfi+C/sLNnRESKPl23nB9b2pltqfOQNnGzsDdId90AEtG5tCx4A=="
    },
    "bs58": {
      "version": "4.0.1",
      "resolved": "https://registry.npmjs.org/bs58/-/bs58-4.0.1.tgz",
      "integrity": "sha1-vhYedsNU9veIrkBx9j806MTwpCo=",
      "requires": {
        "base-x": "^3.0.2"
      }
    },
    "google-protobuf": {
      "version": "3.17.2",
      "resolved": "https://registry.npmjs.org/google-protobuf/-/google-protobuf-3.17.2.tgz",
      "integrity": "sha512-LlFVMhSkNy6C1MakEjiwbLxq5w+V+Go+mvt2EUoysrp8gXl903ic2W/3BwzM4/WnDMJP+u7UO2efUSl/0CJMzA=="
    },
    "safe-buffer": {
      "version": "5.2.1",
      "resolved": "https://registry.npmjs.org/safe-buffer/-/safe-buffer-5.2.1.tgz",
      "integrity": "sha512-rp3So07KcdmmKbGvgaNxQSJr7bGVSVk5S9Eq1F+ppbRo70+YeaDxkw5Dd8NPN+GD6bjnYm2VuPuCXmpuYvmCXQ=="
    }
  }
}
