{
  "name": "node-sample",
  "version": "1.0.0",
  "lockfileVersion": 2,
  "requires": true,
  "packages": {
    "": {
      "version": "1.0.0",
      "license": "ISC",
      "dependencies": {
        "@trinsic/okapi": "file:../../packages/okapi"
      },
      "devDependencies": {
        "@types/google-protobuf": "^3.15.2"
      }
    },
    "../../packages/okapi": {
      "name": "@trinsic/okapi",
      "version": "1.0.0-preview.26",
      "license": "ISC",
      "dependencies": {
        "@trinsic/okapi-node": "^1.0.0-preview.26",
        "@trinsic/okapi-proto": "^1.0.0-preview.26",
        "@trinsic/okapi-web": "^1.0.0-preview.26",
        "google-protobuf": "^3.14.0-rc.3"
      },
      "devDependencies": {
        "@types/google-protobuf": "^3.7.4",
        "@types/node": "^14.14.7",
        "ava": "^3.15.0",
        "copyfiles": "^2.4.0",
        "esm": "^3.2.25",
        "http-serve": "^1.0.1",
        "typescript": "^4.0.5"
      }
    },
    "../../wasm/packages/okapi": {
      "version": "1.0.0-preview.23",
      "extraneous": true,
      "license": "ISC",
      "dependencies": {
        "@trinsic/okapi-node": "^1.0.0-preview.23",
        "@trinsic/okapi-proto": "^1.0.0-preview.23",
        "@trinsic/okapi-web": "^1.0.0-preview.23",
        "google-protobuf": "^3.14.0-rc.3"
      },
      "devDependencies": {
        "@types/google-protobuf": "^3.7.4",
        "@types/node": "^14.14.7",
        "ava": "^3.15.0",
        "copyfiles": "^2.4.0",
        "esm": "^3.2.25",
        "http-serve": "^1.0.1",
        "typescript": "^4.0.5"
      }
    },
    "../wasm/packages/okapi": {
      "extraneous": true
    },
    "node_modules/@trinsic/okapi": {
      "resolved": "../../packages/okapi",
      "link": true
    },
    "node_modules/@types/google-protobuf": {
      "version": "3.15.2",
      "resolved": "https://registry.npmjs.org/@types/google-protobuf/-/google-protobuf-3.15.2.tgz",
      "integrity": "sha512-ubeqvw7sl6CdgeiIilsXB2jIFoD/D0F+/LIEp7xEBEXRNtDJcf05FRINybsJtL7GlkWOUVn6gJs2W9OF+xI6lg==",
      "dev": true
    }
  },
  "dependencies": {
    "@trinsic/okapi": {
      "version": "file:../../packages/okapi",
      "requires": {
        "@trinsic/okapi-node": "^1.0.0-preview.26",
        "@trinsic/okapi-proto": "^1.0.0-preview.26",
        "@trinsic/okapi-web": "^1.0.0-preview.26",
        "@types/google-protobuf": "^3.7.4",
        "@types/node": "^14.14.7",
        "ava": "^3.15.0",
        "copyfiles": "^2.4.0",
        "esm": "^3.2.25",
        "google-protobuf": "^3.14.0-rc.3",
        "http-serve": "^1.0.1",
        "typescript": "^4.0.5"
      }
    },
    "@types/google-protobuf": {
      "version": "3.15.2",
      "resolved": "https://registry.npmjs.org/@types/google-protobuf/-/google-protobuf-3.15.2.tgz",
      "integrity": "sha512-ubeqvw7sl6CdgeiIilsXB2jIFoD/D0F+/LIEp7xEBEXRNtDJcf05FRINybsJtL7GlkWOUVn6gJs2W9OF+xI6lg==",
      "dev": true
    }
  }
}
