// !$*UTF8*$!
{
	archiveVersion = 1;
	classes = {
	};
	objectVersion = 51;
	objects = {

/* Begin PBXBuildFile section */
		A09D9CC1255C4F58007A2203 /* AppDelegate.swift in Sources */ = {isa = PBXBuildFile; fileRef = A09D9CC0255C4F58007A2203 /* AppDelegate.swift */; };
		A09D9CC3255C4F58007A2203 /* SceneDelegate.swift in Sources */ = {isa = PBXBuildFile; fileRef = A09D9CC2255C4F58007A2203 /* SceneDelegate.swift */; };
		A09D9CC5255C4F58007A2203 /* ViewController.swift in Sources */ = {isa = PBXBuildFile; fileRef = A09D9CC4255C4F58007A2203 /* ViewController.swift */; };
		A09D9CC8255C4F58007A2203 /* Main.storyboard in Resources */ = {isa = PBXBuildFile; fileRef = A09D9CC6255C4F58007A2203 /* Main.storyboard */; };
		A09D9CCA255C4F5A007A2203 /* Assets.xcassets in Resources */ = {isa = PBXBuildFile; fileRef = A09D9CC9255C4F5A007A2203 /* Assets.xcassets */; };
		A09D9CCD255C4F5A007A2203 /* LaunchScreen.storyboard in Resources */ = {isa = PBXBuildFile; fileRef = A09D9CCB255C4F5A007A2203 /* LaunchScreen.storyboard */; };
		C819E28F265AEB6B67E97F27 /* libPods-DIDComm-gRPC-Example.a in Frameworks */ = {isa = PBXBuildFile; fileRef = D3E9655970DE4901DF7B82BD /* libPods-DIDComm-gRPC-Example.a */; };
/* End PBXBuildFile section */

/* Begin PBXFileReference section */
		5DF35EA126C9CF4D49D3E8C7 /* Pods-DIDComm-gRPC-Example.debug.xcconfig */ = {isa = PBXFileReference; includeInIndex = 1; lastKnownFileType = text.xcconfig; name = "Pods-DIDComm-gRPC-Example.debug.xcconfig"; path = "Target Support Files/Pods-DIDComm-gRPC-Example/Pods-DIDComm-gRPC-Example.debug.xcconfig"; sourceTree = "<group>"; };
		A08BF357255C559800096CCE /* Header.h */ = {isa = PBXFileReference; lastKnownFileType = sourcecode.c.h; path = Header.h; sourceTree = "<group>"; };
		A09D9CBD255C4F58007A2203 /* DIDComm-gRPC-Example.app */ = {isa = PBXFileReference; explicitFileType = wrapper.application; includeInIndex = 0; path = "DIDComm-gRPC-Example.app"; sourceTree = BUILT_PRODUCTS_DIR; };
		A09D9CC0255C4F58007A2203 /* AppDelegate.swift */ = {isa = PBXFileReference; lastKnownFileType = sourcecode.swift; path = AppDelegate.swift; sourceTree = "<group>"; };
		A09D9CC2255C4F58007A2203 /* SceneDelegate.swift */ = {isa = PBXFileReference; lastKnownFileType = sourcecode.swift; path = SceneDelegate.swift; sourceTree = "<group>"; };
		A09D9CC4255C4F58007A2203 /* ViewController.swift */ = {isa = PBXFileReference; lastKnownFileType = sourcecode.swift; path = ViewController.swift; sourceTree = "<group>"; };
		A09D9CC7255C4F58007A2203 /* Base */ = {isa = PBXFileReference; lastKnownFileType = file.storyboard; name = Base; path = Base.lproj/Main.storyboard; sourceTree = "<group>"; };
		A09D9CC9255C4F5A007A2203 /* Assets.xcassets */ = {isa = PBXFileReference; lastKnownFileType = folder.assetcatalog; path = Assets.xcassets; sourceTree = "<group>"; };
		A09D9CCC255C4F5A007A2203 /* Base */ = {isa = PBXFileReference; lastKnownFileType = file.storyboard; name = Base; path = Base.lproj/LaunchScreen.storyboard; sourceTree = "<group>"; };
		A09D9CCE255C4F5A007A2203 /* Info.plist */ = {isa = PBXFileReference; lastKnownFileType = text.plist.xml; path = Info.plist; sourceTree = "<group>"; };
		BD5508077361DEC50CDF81E6 /* Pods-DIDComm-gRPC-Example.release.xcconfig */ = {isa = PBXFileReference; includeInIndex = 1; lastKnownFileType = text.xcconfig; name = "Pods-DIDComm-gRPC-Example.release.xcconfig"; path = "Target Support Files/Pods-DIDComm-gRPC-Example/Pods-DIDComm-gRPC-Example.release.xcconfig"; sourceTree = "<group>"; };
		D3E9655970DE4901DF7B82BD /* libPods-DIDComm-gRPC-Example.a */ = {isa = PBXFileReference; explicitFileType = archive.ar; includeInIndex = 0; path = "libPods-DIDComm-gRPC-Example.a"; sourceTree = BUILT_PRODUCTS_DIR; };
/* End PBXFileReference section */

/* Begin PBXFrameworksBuildPhase section */
		A09D9CBA255C4F58007A2203 /* Frameworks */ = {
			isa = PBXFrameworksBuildPhase;
			buildActionMask = 2147483647;
			files = (
				C819E28F265AEB6B67E97F27 /* libPods-DIDComm-gRPC-Example.a in Frameworks */,
			);
			runOnlyForDeploymentPostprocessing = 0;
		};
/* End PBXFrameworksBuildPhase section */

/* Begin PBXGroup section */
		186D4C465474E08874298419 /* Frameworks */ = {
			isa = PBXGroup;
			children = (
				D3E9655970DE4901DF7B82BD /* libPods-DIDComm-gRPC-Example.a */,
			);
			name = Frameworks;
			sourceTree = "<group>";
		};
		A09D9CB4255C4F58007A2203 = {
			isa = PBXGroup;
			children = (
				A09D9CBF255C4F58007A2203 /* DIDComm-gRPC-Example */,
				A09D9CBE255C4F58007A2203 /* Products */,
				B4B42C91DDAF44F59BB73177 /* Pods */,
				186D4C465474E08874298419 /* Frameworks */,
			);
			sourceTree = "<group>";
		};
		A09D9CBE255C4F58007A2203 /* Products */ = {
			isa = PBXGroup;
			children = (
				A09D9CBD255C4F58007A2203 /* DIDComm-gRPC-Example.app */,
			);
			name = Products;
			sourceTree = "<group>";
		};
		A09D9CBF255C4F58007A2203 /* DIDComm-gRPC-Example */ = {
			isa = PBXGroup;
			children = (
				A09D9CC0255C4F58007A2203 /* AppDelegate.swift */,
				A09D9CC2255C4F58007A2203 /* SceneDelegate.swift */,
				A09D9CC4255C4F58007A2203 /* ViewController.swift */,
				A09D9CC6255C4F58007A2203 /* Main.storyboard */,
				A09D9CC9255C4F5A007A2203 /* Assets.xcassets */,
				A09D9CCB255C4F5A007A2203 /* LaunchScreen.storyboard */,
				A09D9CCE255C4F5A007A2203 /* Info.plist */,
				A08BF357255C559800096CCE /* Header.h */,
			);
			path = "DIDComm-gRPC-Example";
			sourceTree = "<group>";
		};
		B4B42C91DDAF44F59BB73177 /* Pods */ = {
			isa = PBXGroup;
			children = (
				5DF35EA126C9CF4D49D3E8C7 /* Pods-DIDComm-gRPC-Example.debug.xcconfig */,
				BD5508077361DEC50CDF81E6 /* Pods-DIDComm-gRPC-Example.release.xcconfig */,
			);
			path = Pods;
			sourceTree = "<group>";
		};
/* End PBXGroup section */

/* Begin PBXNativeTarget section */
		A09D9CBC255C4F58007A2203 /* DIDComm-gRPC-Example */ = {
			isa = PBXNativeTarget;
			buildConfigurationList = A09D9CD1255C4F5A007A2203 /* Build configuration list for PBXNativeTarget "DIDComm-gRPC-Example" */;
			buildPhases = (
				0A5DD4494FE0578B8E34470B /* [CP] Check Pods Manifest.lock */,
				A09D9CB9255C4F58007A2203 /* Sources */,
				A09D9CBA255C4F58007A2203 /* Frameworks */,
				A09D9CBB255C4F58007A2203 /* Resources */,
				ABA47EFD91D1DCF5864118BE /* [CP] Copy Pods Resources */,
			);
			buildRules = (
			);
			dependencies = (
			);
			name = "DIDComm-gRPC-Example";
			productName = "DIDComm-gRPC-Example";
			productReference = A09D9CBD255C4F58007A2203 /* DIDComm-gRPC-Example.app */;
			productType = "com.apple.product-type.application";
		};
/* End PBXNativeTarget section */

/* Begin PBXProject section */
		A09D9CB5255C4F58007A2203 /* Project object */ = {
			isa = PBXProject;
			attributes = {
				LastSwiftUpdateCheck = 1210;
				LastUpgradeCheck = 1210;
				TargetAttributes = {
					A09D9CBC255C4F58007A2203 = {
						CreatedOnToolsVersion = 12.1;
					};
				};
			};
			buildConfigurationList = A09D9CB8255C4F58007A2203 /* Build configuration list for PBXProject "DIDComm-gRPC-Example" */;
			compatibilityVersion = "Xcode 9.3";
			developmentRegion = en;
			hasScannedForEncodings = 0;
			knownRegions = (
				en,
				Base,
			);
			mainGroup = A09D9CB4255C4F58007A2203;
			productRefGroup = A09D9CBE255C4F58007A2203 /* Products */;
			projectDirPath = "";
			projectRoot = "";
			targets = (
				A09D9CBC255C4F58007A2203 /* DIDComm-gRPC-Example */,
			);
		};
/* End PBXProject section */

/* Begin PBXResourcesBuildPhase section */
		A09D9CBB255C4F58007A2203 /* Resources */ = {
			isa = PBXResourcesBuildPhase;
			buildActionMask = 2147483647;
			files = (
				A09D9CCD255C4F5A007A2203 /* LaunchScreen.storyboard in Resources */,
				A09D9CCA255C4F5A007A2203 /* Assets.xcassets in Resources */,
				A09D9CC8255C4F58007A2203 /* Main.storyboard in Resources */,
			);
			runOnlyForDeploymentPostprocessing = 0;
		};
/* End PBXResourcesBuildPhase section */

/* Begin PBXShellScriptBuildPhase section */
		0A5DD4494FE0578B8E34470B /* [CP] Check Pods Manifest.lock */ = {
			isa = PBXShellScriptBuildPhase;
			buildActionMask = 2147483647;
			files = (
			);
			inputFileListPaths = (
			);
			inputPaths = (
				"${PODS_PODFILE_DIR_PATH}/Podfile.lock",
				"${PODS_ROOT}/Manifest.lock",
			);
			name = "[CP] Check Pods Manifest.lock";
			outputFileListPaths = (
			);
			outputPaths = (
				"$(DERIVED_FILE_DIR)/Pods-DIDComm-gRPC-Example-checkManifestLockResult.txt",
			);
			runOnlyForDeploymentPostprocessing = 0;
			shellPath = /bin/sh;
			shellScript = "diff \"${PODS_PODFILE_DIR_PATH}/Podfile.lock\" \"${PODS_ROOT}/Manifest.lock\" > /dev/null\nif [ $? != 0 ] ; then\n    # print error to STDERR\n    echo \"error: The sandbox is not in sync with the Podfile.lock. Run 'pod install' or update your CocoaPods installation.\" >&2\n    exit 1\nfi\n# This output is used by Xcode 'outputs' to avoid re-running this script phase.\necho \"SUCCESS\" > \"${SCRIPT_OUTPUT_FILE_0}\"\n";
			showEnvVarsInLog = 0;
		};
		ABA47EFD91D1DCF5864118BE /* [CP] Copy Pods Resources */ = {
			isa = PBXShellScriptBuildPhase;
			buildActionMask = 2147483647;
			files = (
			);
			inputFileListPaths = (
				"${PODS_ROOT}/Target Support Files/Pods-DIDComm-gRPC-Example/Pods-DIDComm-gRPC-Example-resources-${CONFIGURATION}-input-files.xcfilelist",
			);
			name = "[CP] Copy Pods Resources";
			outputFileListPaths = (
				"${PODS_ROOT}/Target Support Files/Pods-DIDComm-gRPC-Example/Pods-DIDComm-gRPC-Example-resources-${CONFIGURATION}-output-files.xcfilelist",
			);
			runOnlyForDeploymentPostprocessing = 0;
			shellPath = /bin/sh;
			shellScript = "\"${PODS_ROOT}/Target Support Files/Pods-DIDComm-gRPC-Example/Pods-DIDComm-gRPC-Example-resources.sh\"\n";
			showEnvVarsInLog = 0;
		};
/* End PBXShellScriptBuildPhase section */

/* Begin PBXSourcesBuildPhase section */
		A09D9CB9255C4F58007A2203 /* Sources */ = {
			isa = PBXSourcesBuildPhase;
			buildActionMask = 2147483647;
			files = (
				A09D9CC5255C4F58007A2203 /* ViewController.swift in Sources */,
				A09D9CC1255C4F58007A2203 /* AppDelegate.swift in Sources */,
				A09D9CC3255C4F58007A2203 /* SceneDelegate.swift in Sources */,
			);
			runOnlyForDeploymentPostprocessing = 0;
		};
/* End PBXSourcesBuildPhase section */

/* Begin PBXVariantGroup section */
		A09D9CC6255C4F58007A2203 /* Main.storyboard */ = {
			isa = PBXVariantGroup;
			children = (
				A09D9CC7255C4F58007A2203 /* Base */,
			);
			name = Main.storyboard;
			sourceTree = "<group>";
		};
		A09D9CCB255C4F5A007A2203 /* LaunchScreen.storyboard */ = {
			isa = PBXVariantGroup;
			children = (
				A09D9CCC255C4F5A007A2203 /* Base */,
			);
			name = LaunchScreen.storyboard;
			sourceTree = "<group>";
		};
/* End PBXVariantGroup section */

/* Begin XCBuildConfiguration section */
		A09D9CCF255C4F5A007A2203 /* Debug */ = {
			isa = XCBuildConfiguration;
			buildSettings = {
				ALWAYS_SEARCH_USER_PATHS = NO;
				CLANG_ANALYZER_NONNULL = YES;
				CLANG_ANALYZER_NUMBER_OBJECT_CONVERSION = YES_AGGRESSIVE;
				CLANG_CXX_LANGUAGE_STANDARD = "gnu++14";
				CLANG_CXX_LIBRARY = "libc++";
				CLANG_ENABLE_MODULES = YES;
				CLANG_ENABLE_OBJC_ARC = YES;
				CLANG_ENABLE_OBJC_WEAK = YES;
				CLANG_WARN_BLOCK_CAPTURE_AUTORELEASING = YES;
				CLANG_WARN_BOOL_CONVERSION = YES;
				CLANG_WARN_COMMA = YES;
				CLANG_WARN_CONSTANT_CONVERSION = YES;
				CLANG_WARN_DEPRECATED_OBJC_IMPLEMENTATIONS = YES;
				CLANG_WARN_DIRECT_OBJC_ISA_USAGE = YES_ERROR;
				CLANG_WARN_DOCUMENTATION_COMMENTS = YES;
				CLANG_WARN_EMPTY_BODY = YES;
				CLANG_WARN_ENUM_CONVERSION = YES;
				CLANG_WARN_INFINITE_RECURSION = YES;
				CLANG_WARN_INT_CONVERSION = YES;
				CLANG_WARN_NON_LITERAL_NULL_CONVERSION = YES;
				CLANG_WARN_OBJC_IMPLICIT_RETAIN_SELF = YES;
				CLANG_WARN_OBJC_LITERAL_CONVERSION = YES;
				CLANG_WARN_OBJC_ROOT_CLASS = YES_ERROR;
				CLANG_WARN_QUOTED_INCLUDE_IN_FRAMEWORK_HEADER = YES;
				CLANG_WARN_RANGE_LOOP_ANALYSIS = YES;
				CLANG_WARN_STRICT_PROTOTYPES = YES;
				CLANG_WARN_SUSPICIOUS_MOVE = YES;
				CLANG_WARN_UNGUARDED_AVAILABILITY = YES_AGGRESSIVE;
				CLANG_WARN_UNREACHABLE_CODE = YES;
				CLANG_WARN__DUPLICATE_METHOD_MATCH = YES;
				COPY_PHASE_STRIP = NO;
				DEBUG_INFORMATION_FORMAT = dwarf;
				ENABLE_STRICT_OBJC_MSGSEND = YES;
				ENABLE_TESTABILITY = YES;
				GCC_C_LANGUAGE_STANDARD = gnu11;
				GCC_DYNAMIC_NO_PIC = NO;
				GCC_NO_COMMON_BLOCKS = YES;
				GCC_OPTIMIZATION_LEVEL = 0;
				GCC_PREPROCESSOR_DEFINITIONS = (
					"DEBUG=1",
					"$(inherited)",
				);
				GCC_WARN_64_TO_32_BIT_CONVERSION = YES;
				GCC_WARN_ABOUT_RETURN_TYPE = YES_ERROR;
				GCC_WARN_UNDECLARED_SELECTOR = YES;
				GCC_WARN_UNINITIALIZED_AUTOS = YES_AGGRESSIVE;
				GCC_WARN_UNUSED_FUNCTION = YES;
				GCC_WARN_UNUSED_VARIABLE = YES;
				IPHONEOS_DEPLOYMENT_TARGET = 14.1;
				MTL_ENABLE_DEBUG_INFO = INCLUDE_SOURCE;
				MTL_FAST_MATH = YES;
				ONLY_ACTIVE_ARCH = YES;
				SDKROOT = iphoneos;
				SWIFT_ACTIVE_COMPILATION_CONDITIONS = DEBUG;
				SWIFT_OPTIMIZATION_LEVEL = "-Onone";
			};
			name = Debug;
		};
		A09D9CD0255C4F5A007A2203 /* Release */ = {
			isa = XCBuildConfiguration;
			buildSettings = {
				ALWAYS_SEARCH_USER_PATHS = NO;
				CLANG_ANALYZER_NONNULL = YES;
				CLANG_ANALYZER_NUMBER_OBJECT_CONVERSION = YES_AGGRESSIVE;
				CLANG_CXX_LANGUAGE_STANDARD = "gnu++14";
				CLANG_CXX_LIBRARY = "libc++";
				CLANG_ENABLE_MODULES = YES;
				CLANG_ENABLE_OBJC_ARC = YES;
				CLANG_ENABLE_OBJC_WEAK = YES;
				CLANG_WARN_BLOCK_CAPTURE_AUTORELEASING = YES;
				CLANG_WARN_BOOL_CONVERSION = YES;
				CLANG_WARN_COMMA = YES;
				CLANG_WARN_CONSTANT_CONVERSION = YES;
				CLANG_WARN_DEPRECATED_OBJC_IMPLEMENTATIONS = YES;
				CLANG_WARN_DIRECT_OBJC_ISA_USAGE = YES_ERROR;
				CLANG_WARN_DOCUMENTATION_COMMENTS = YES;
				CLANG_WARN_EMPTY_BODY = YES;
				CLANG_WARN_ENUM_CONVERSION = YES;
				CLANG_WARN_INFINITE_RECURSION = YES;
				CLANG_WARN_INT_CONVERSION = YES;
				CLANG_WARN_NON_LITERAL_NULL_CONVERSION = YES;
				CLANG_WARN_OBJC_IMPLICIT_RETAIN_SELF = YES;
				CLANG_WARN_OBJC_LITERAL_CONVERSION = YES;
				CLANG_WARN_OBJC_ROOT_CLASS = YES_ERROR;
				CLANG_WARN_QUOTED_INCLUDE_IN_FRAMEWORK_HEADER = YES;
				CLANG_WARN_RANGE_LOOP_ANALYSIS = YES;
				CLANG_WARN_STRICT_PROTOTYPES = YES;
				CLANG_WARN_SUSPICIOUS_MOVE = YES;
				CLANG_WARN_UNGUARDED_AVAILABILITY = YES_AGGRESSIVE;
				CLANG_WARN_UNREACHABLE_CODE = YES;
				CLANG_WARN__DUPLICATE_METHOD_MATCH = YES;
				COPY_PHASE_STRIP = NO;
				DEBUG_INFORMATION_FORMAT = "dwarf-with-dsym";
				ENABLE_NS_ASSERTIONS = NO;
				ENABLE_STRICT_OBJC_MSGSEND = YES;
				GCC_C_LANGUAGE_STANDARD = gnu11;
				GCC_NO_COMMON_BLOCKS = YES;
				GCC_WARN_64_TO_32_BIT_CONVERSION = YES;
				GCC_WARN_ABOUT_RETURN_TYPE = YES_ERROR;
				GCC_WARN_UNDECLARED_SELECTOR = YES;
				GCC_WARN_UNINITIALIZED_AUTOS = YES_AGGRESSIVE;
				GCC_WARN_UNUSED_FUNCTION = YES;
				GCC_WARN_UNUSED_VARIABLE = YES;
				IPHONEOS_DEPLOYMENT_TARGET = 14.1;
				MTL_ENABLE_DEBUG_INFO = NO;
				MTL_FAST_MATH = YES;
				SDKROOT = iphoneos;
				SWIFT_COMPILATION_MODE = wholemodule;
				SWIFT_OPTIMIZATION_LEVEL = "-O";
				VALIDATE_PRODUCT = YES;
			};
			name = Release;
		};
		A09D9CD2255C4F5A007A2203 /* Debug */ = {
			isa = XCBuildConfiguration;
			baseConfigurationReference = 5DF35EA126C9CF4D49D3E8C7 /* Pods-DIDComm-gRPC-Example.debug.xcconfig */;
			buildSettings = {
				ASSETCATALOG_COMPILER_APPICON_NAME = AppIcon;
				ASSETCATALOG_COMPILER_GLOBAL_ACCENT_COLOR_NAME = AccentColor;
				CODE_SIGN_STYLE = Automatic;
				INFOPLIST_FILE = "DIDComm-gRPC-Example/Info.plist";
				IPHONEOS_DEPLOYMENT_TARGET = 13.0;
				LD_RUNPATH_SEARCH_PATHS = (
					"$(inherited)",
					"@executable_path/Frameworks",
				);
				PRODUCT_BUNDLE_IDENTIFIER = "org.didcomm.DIDComm-gRPC-Example";
				PRODUCT_NAME = "$(TARGET_NAME)";
				SWIFT_OBJC_BRIDGING_HEADER = "DIDComm-gRPC-Example/Header.h";
				SWIFT_VERSION = 5.0;
				TARGETED_DEVICE_FAMILY = "1,2";
			};
			name = Debug;
		};
		A09D9CD3255C4F5A007A2203 /* Release */ = {
			isa = XCBuildConfiguration;
			baseConfigurationReference = BD5508077361DEC50CDF81E6 /* Pods-DIDComm-gRPC-Example.release.xcconfig */;
			buildSettings = {
				ASSETCATALOG_COMPILER_APPICON_NAME = AppIcon;
				ASSETCATALOG_COMPILER_GLOBAL_ACCENT_COLOR_NAME = AccentColor;
				CODE_SIGN_STYLE = Automatic;
				INFOPLIST_FILE = "DIDComm-gRPC-Example/Info.plist";
				IPHONEOS_DEPLOYMENT_TARGET = 13.0;
				LD_RUNPATH_SEARCH_PATHS = (
					"$(inherited)",
					"@executable_path/Frameworks",
				);
				PRODUCT_BUNDLE_IDENTIFIER = "org.didcomm.DIDComm-gRPC-Example";
				PRODUCT_NAME = "$(TARGET_NAME)";
				SWIFT_OBJC_BRIDGING_HEADER = "DIDComm-gRPC-Example/Header.h";
				SWIFT_VERSION = 5.0;
				TARGETED_DEVICE_FAMILY = "1,2";
			};
			name = Release;
		};
/* End XCBuildConfiguration section */

/* Begin XCConfigurationList section */
		A09D9CB8255C4F58007A2203 /* Build configuration list for PBXProject "DIDComm-gRPC-Example" */ = {
			isa = XCConfigurationList;
			buildConfigurations = (
				A09D9CCF255C4F5A007A2203 /* Debug */,
				A09D9CD0255C4F5A007A2203 /* Release */,
			);
			defaultConfigurationIsVisible = 0;
			defaultConfigurationName = Release;
		};
		A09D9CD1255C4F5A007A2203 /* Build configuration list for PBXNativeTarget "DIDComm-gRPC-Example" */ = {
			isa = XCConfigurationList;
			buildConfigurations = (
				A09D9CD2255C4F5A007A2203 /* Debug */,
				A09D9CD3255C4F5A007A2203 /* Release */,
			);
			defaultConfigurationIsVisible = 0;
			defaultConfigurationName = Release;
		};
/* End XCConfigurationList section */
	};
	rootObject = A09D9CB5255C4F58007A2203 /* Project object */;
}
